
Microsoft Visual Studio Solution File, Format Version 12.00
# Visual Studio 14
VisualStudioVersion = 14.0.24720.0
MinimumVisualStudioVersion = 10.0.40219.1
Project("{FAE04EC0-301F-11D3-BF4B-00C04F79EFBC}") = "Family", "Family\Family.csproj", "{964A06E3-7BA5-4F3F-BB7A-E0A028031EF5}"
EndProject
Project("{FAE04EC0-301F-11D3-BF4B-00C04F79EFBC}") = "FamilyTests", "FamilyTests\FamilyTests.csproj", "{0EF589A0-028A-4450-98C9-91E69FE664E2}"
EndProject
Global
	GlobalSection(SolutionConfigurationPlatforms) = preSolution
		Debug|Any CPU = Debug|Any CPU
		Release|Any CPU = Release|Any CPU
	EndGlobalSection
	GlobalSection(ProjectConfigurationPlatforms) = postSolution
		{964A06E3-7BA5-4F3F-BB7A-E0A028031EF5}.Debug|Any CPU.ActiveCfg = Debug|Any CPU
		{964A06E3-7BA5-4F3F-BB7A-E0A028031EF5}.Debug|Any CPU.Build.0 = Debug|Any CPU
		{964A06E3-7BA5-4F3F-BB7A-E0A028031EF5}.Release|Any CPU.ActiveCfg = Release|Any CPU
		{964A06E3-7BA5-4F3F-BB7A-E0A028031EF5}.Release|Any CPU.Build.0 = Release|Any CPU
		{0EF589A0-028A-4450-98C9-91E69FE664E2}.Debug|Any CPU.ActiveCfg = Debug|Any CPU
		{0EF589A0-028A-4450-98C9-91E69FE664E2}.Debug|Any CPU.Build.0 = Debug|Any CPU
		{0EF589A0-028A-4450-98C9-91E69FE664E2}.Release|Any CPU.ActiveCfg = Release|Any CPU
		{0EF589A0-028A-4450-98C9-91E69FE664E2}.Release|Any CPU.Build.0 = Release|Any CPU
	EndGlobalSection
	GlobalSection(SolutionProperties) = preSolution
		HideSolutionNode = FALSE
	EndGlobalSection
EndGlobal
